
Microsoft Visual Studio Solution File, Format Version 12.00
# Visual Studio Version 16
VisualStudioVersion = 16.0.32126.315
MinimumVisualStudioVersion = 10.0.40219.1
Project("{FAE04EC0-301F-11D3-BF4B-00C04F79EFBC}") = "Compiler", "Automaton\Compiler.csproj", "{1DAC47FA-E804-4CA4-9C9A-2C5106D26F8A}"
EndProject
Global
	GlobalSection(SolutionConfigurationPlatforms) = preSolution
		Debug|Any CPU = Debug|Any CPU
		Release|Any CPU = Release|Any CPU
	EndGlobalSection
	GlobalSection(ProjectConfigurationPlatforms) = postSolution
		{1DAC47FA-E804-4CA4-9C9A-2C5106D26F8A}.Debug|Any CPU.ActiveCfg = Debug|Any CPU
		{1DAC47FA-E804-4CA4-9C9A-2C5106D26F8A}.Debug|Any CPU.Build.0 = Debug|Any CPU
		{1DAC47FA-E804-4CA4-9C9A-2C5106D26F8A}.Release|Any CPU.ActiveCfg = Release|Any CPU
		{1DAC47FA-E804-4CA4-9C9A-2C5106D26F8A}.Release|Any CPU.Build.0 = Release|Any CPU
	EndGlobalSection
	GlobalSection(SolutionProperties) = preSolution
		HideSolutionNode = FALSE
	EndGlobalSection
	GlobalSection(ExtensibilityGlobals) = postSolution
		SolutionGuid = {A76F048B-2882-4927-806F-A38E96CA02C8}
	EndGlobalSection
EndGlobal
